// !$*UTF8*$!
{
	archiveVersion = 1;
	classes = {
	};
	objectVersion = 46;
	objects = {

/* Begin PBXBuildFile section */
		3393AA9CABEF297E2D000851 /* Pods_mypacemobile.framework in Frameworks */ = {isa = PBXBuildFile; fileRef = D66F3A01A9E2626F5ED546E0 /* Pods_mypacemobile.framework */; };
		4AB96D7C1F743C57000E145B /* LoginViewController.swift in Sources */ = {isa = PBXBuildFile; fileRef = 4AB96D7B1F743C57000E145B /* LoginViewController.swift */; };
		4ACCB4DA1F7028AF00CE4168 /* AppDelegate.swift in Sources */ = {isa = PBXBuildFile; fileRef = 4ACCB4D91F7028AF00CE4168 /* AppDelegate.swift */; };
		4ACCB4DC1F7028AF00CE4168 /* ViewController.swift in Sources */ = {isa = PBXBuildFile; fileRef = 4ACCB4DB1F7028AF00CE4168 /* ViewController.swift */; };
		4ACCB4DF1F7028AF00CE4168 /* Main.storyboard in Resources */ = {isa = PBXBuildFile; fileRef = 4ACCB4DD1F7028AF00CE4168 /* Main.storyboard */; };
		4ACCB4E21F7028AF00CE4168 /* mypacemobile.xcdatamodeld in Sources */ = {isa = PBXBuildFile; fileRef = 4ACCB4E01F7028AF00CE4168 /* mypacemobile.xcdatamodeld */; };
		4ACCB4E41F7028AF00CE4168 /* Assets.xcassets in Resources */ = {isa = PBXBuildFile; fileRef = 4ACCB4E31F7028AF00CE4168 /* Assets.xcassets */; };
		4ACCB4E71F7028AF00CE4168 /* LaunchScreen.storyboard in Resources */ = {isa = PBXBuildFile; fileRef = 4ACCB4E51F7028AF00CE4168 /* LaunchScreen.storyboard */; };
		4ACCB4F21F7028AF00CE4168 /* mypacemobileTests.swift in Sources */ = {isa = PBXBuildFile; fileRef = 4ACCB4F11F7028AF00CE4168 /* mypacemobileTests.swift */; };
		4ACCB4FD1F7028AF00CE4168 /* mypacemobileUITests.swift in Sources */ = {isa = PBXBuildFile; fileRef = 4ACCB4FC1F7028AF00CE4168 /* mypacemobileUITests.swift */; };
		4ACED59D1F7EA54300614820 /* SettingsViewController.swift in Sources */ = {isa = PBXBuildFile; fileRef = 4ACED59C1F7EA54300614820 /* SettingsViewController.swift */; };
		4ACED5A11F7ED36600614820 /* MenuViewController.swift in Sources */ = {isa = PBXBuildFile; fileRef = 4ACED5A01F7ED36600614820 /* MenuViewController.swift */; };
		8A31FD1EA1014B26D97350E5 /* Pods_mypacemobileTests.framework in Frameworks */ = {isa = PBXBuildFile; fileRef = 434D8EAC258E1A8FEACC3361 /* Pods_mypacemobileTests.framework */; };
		A6A3918DEEE05512FD11043C /* Pods_mypacemobileUITests.framework in Frameworks */ = {isa = PBXBuildFile; fileRef = 4C2C512224108AABF816D56C /* Pods_mypacemobileUITests.framework */; };
/* End PBXBuildFile section */

/* Begin PBXContainerItemProxy section */
		4ACCB4EE1F7028AF00CE4168 /* PBXContainerItemProxy */ = {
			isa = PBXContainerItemProxy;
			containerPortal = 4ACCB4CE1F7028AF00CE4168 /* Project object */;
			proxyType = 1;
			remoteGlobalIDString = 4ACCB4D51F7028AF00CE4168;
			remoteInfo = mypacemobile;
		};
		4ACCB4F91F7028AF00CE4168 /* PBXContainerItemProxy */ = {
			isa = PBXContainerItemProxy;
			containerPortal = 4ACCB4CE1F7028AF00CE4168 /* Project object */;
			proxyType = 1;
			remoteGlobalIDString = 4ACCB4D51F7028AF00CE4168;
			remoteInfo = mypacemobile;
		};
/* End PBXContainerItemProxy section */

/* Begin PBXFileReference section */
		213E548EF1D17F513F71212B /* Pods-mypacemobileTests.release.xcconfig */ = {isa = PBXFileReference; includeInIndex = 1; lastKnownFileType = text.xcconfig; name = "Pods-mypacemobileTests.release.xcconfig"; path = "Pods/Target Support Files/Pods-mypacemobileTests/Pods-mypacemobileTests.release.xcconfig"; sourceTree = "<group>"; };
		35563E3C8B62507459F7EB03 /* Pods-mypacemobile.debug.xcconfig */ = {isa = PBXFileReference; includeInIndex = 1; lastKnownFileType = text.xcconfig; name = "Pods-mypacemobile.debug.xcconfig"; path = "Pods/Target Support Files/Pods-mypacemobile/Pods-mypacemobile.debug.xcconfig"; sourceTree = "<group>"; };
		434D8EAC258E1A8FEACC3361 /* Pods_mypacemobileTests.framework */ = {isa = PBXFileReference; explicitFileType = wrapper.framework; includeInIndex = 0; path = Pods_mypacemobileTests.framework; sourceTree = BUILT_PRODUCTS_DIR; };
		4AB96D7B1F743C57000E145B /* LoginViewController.swift */ = {isa = PBXFileReference; fileEncoding = 4; lastKnownFileType = sourcecode.swift; path = LoginViewController.swift; sourceTree = "<group>"; };
		4ACCB4D61F7028AF00CE4168 /* mypacemobile.app */ = {isa = PBXFileReference; explicitFileType = wrapper.application; includeInIndex = 0; path = mypacemobile.app; sourceTree = BUILT_PRODUCTS_DIR; };
		4ACCB4D91F7028AF00CE4168 /* AppDelegate.swift */ = {isa = PBXFileReference; lastKnownFileType = sourcecode.swift; path = AppDelegate.swift; sourceTree = "<group>"; };
		4ACCB4DB1F7028AF00CE4168 /* ViewController.swift */ = {isa = PBXFileReference; lastKnownFileType = sourcecode.swift; path = ViewController.swift; sourceTree = "<group>"; };
		4ACCB4DE1F7028AF00CE4168 /* Base */ = {isa = PBXFileReference; lastKnownFileType = file.storyboard; name = Base; path = Base.lproj/Main.storyboard; sourceTree = "<group>"; };
		4ACCB4E11F7028AF00CE4168 /* mypacemobile.xcdatamodel */ = {isa = PBXFileReference; lastKnownFileType = wrapper.xcdatamodel; path = mypacemobile.xcdatamodel; sourceTree = "<group>"; };
		4ACCB4E31F7028AF00CE4168 /* Assets.xcassets */ = {isa = PBXFileReference; lastKnownFileType = folder.assetcatalog; path = Assets.xcassets; sourceTree = "<group>"; };
		4ACCB4E61F7028AF00CE4168 /* Base */ = {isa = PBXFileReference; lastKnownFileType = file.storyboard; name = Base; path = Base.lproj/LaunchScreen.storyboard; sourceTree = "<group>"; };
		4ACCB4E81F7028AF00CE4168 /* Info.plist */ = {isa = PBXFileReference; lastKnownFileType = text.plist.xml; path = Info.plist; sourceTree = "<group>"; };
		4ACCB4ED1F7028AF00CE4168 /* mypacemobileTests.xctest */ = {isa = PBXFileReference; explicitFileType = wrapper.cfbundle; includeInIndex = 0; path = mypacemobileTests.xctest; sourceTree = BUILT_PRODUCTS_DIR; };
		4ACCB4F11F7028AF00CE4168 /* mypacemobileTests.swift */ = {isa = PBXFileReference; lastKnownFileType = sourcecode.swift; path = mypacemobileTests.swift; sourceTree = "<group>"; };
		4ACCB4F31F7028AF00CE4168 /* Info.plist */ = {isa = PBXFileReference; lastKnownFileType = text.plist.xml; path = Info.plist; sourceTree = "<group>"; };
		4ACCB4F81F7028AF00CE4168 /* mypacemobileUITests.xctest */ = {isa = PBXFileReference; explicitFileType = wrapper.cfbundle; includeInIndex = 0; path = mypacemobileUITests.xctest; sourceTree = BUILT_PRODUCTS_DIR; };
		4ACCB4FC1F7028AF00CE4168 /* mypacemobileUITests.swift */ = {isa = PBXFileReference; lastKnownFileType = sourcecode.swift; path = mypacemobileUITests.swift; sourceTree = "<group>"; };
		4ACCB4FE1F7028AF00CE4168 /* Info.plist */ = {isa = PBXFileReference; lastKnownFileType = text.plist.xml; path = Info.plist; sourceTree = "<group>"; };
		4ACED59C1F7EA54300614820 /* SettingsViewController.swift */ = {isa = PBXFileReference; lastKnownFileType = sourcecode.swift; path = SettingsViewController.swift; sourceTree = "<group>"; };
		4ACED5A01F7ED36600614820 /* MenuViewController.swift */ = {isa = PBXFileReference; lastKnownFileType = sourcecode.swift; path = MenuViewController.swift; sourceTree = "<group>"; };
		4C2C512224108AABF816D56C /* Pods_mypacemobileUITests.framework */ = {isa = PBXFileReference; explicitFileType = wrapper.framework; includeInIndex = 0; path = Pods_mypacemobileUITests.framework; sourceTree = BUILT_PRODUCTS_DIR; };
		6B5F7FD48BF1A83098A925EC /* Pods-mypacemobileTests.debug.xcconfig */ = {isa = PBXFileReference; includeInIndex = 1; lastKnownFileType = text.xcconfig; name = "Pods-mypacemobileTests.debug.xcconfig"; path = "Pods/Target Support Files/Pods-mypacemobileTests/Pods-mypacemobileTests.debug.xcconfig"; sourceTree = "<group>"; };
		93617F871352753B7FB5C30D /* Pods-mypacemobileUITests.release.xcconfig */ = {isa = PBXFileReference; includeInIndex = 1; lastKnownFileType = text.xcconfig; name = "Pods-mypacemobileUITests.release.xcconfig"; path = "Pods/Target Support Files/Pods-mypacemobileUITests/Pods-mypacemobileUITests.release.xcconfig"; sourceTree = "<group>"; };
		B3B9FD085965814A07095C6D /* Pods-mypacemobile.release.xcconfig */ = {isa = PBXFileReference; includeInIndex = 1; lastKnownFileType = text.xcconfig; name = "Pods-mypacemobile.release.xcconfig"; path = "Pods/Target Support Files/Pods-mypacemobile/Pods-mypacemobile.release.xcconfig"; sourceTree = "<group>"; };
		C091C7F8BFE5881392568982 /* Pods-mypacemobileUITests.debug.xcconfig */ = {isa = PBXFileReference; includeInIndex = 1; lastKnownFileType = text.xcconfig; name = "Pods-mypacemobileUITests.debug.xcconfig"; path = "Pods/Target Support Files/Pods-mypacemobileUITests/Pods-mypacemobileUITests.debug.xcconfig"; sourceTree = "<group>"; };
		D66F3A01A9E2626F5ED546E0 /* Pods_mypacemobile.framework */ = {isa = PBXFileReference; explicitFileType = wrapper.framework; includeInIndex = 0; path = Pods_mypacemobile.framework; sourceTree = BUILT_PRODUCTS_DIR; };
/* End PBXFileReference section */

/* Begin PBXFrameworksBuildPhase section */
		4ACCB4D31F7028AF00CE4168 /* Frameworks */ = {
			isa = PBXFrameworksBuildPhase;
			buildActionMask = 2147483647;
			files = (
				3393AA9CABEF297E2D000851 /* Pods_mypacemobile.framework in Frameworks */,
			);
			runOnlyForDeploymentPostprocessing = 0;
		};
		4ACCB4EA1F7028AF00CE4168 /* Frameworks */ = {
			isa = PBXFrameworksBuildPhase;
			buildActionMask = 2147483647;
			files = (
				8A31FD1EA1014B26D97350E5 /* Pods_mypacemobileTests.framework in Frameworks */,
			);
			runOnlyForDeploymentPostprocessing = 0;
		};
		4ACCB4F51F7028AF00CE4168 /* Frameworks */ = {
			isa = PBXFrameworksBuildPhase;
			buildActionMask = 2147483647;
			files = (
				A6A3918DEEE05512FD11043C /* Pods_mypacemobileUITests.framework in Frameworks */,
			);
			runOnlyForDeploymentPostprocessing = 0;
		};
/* End PBXFrameworksBuildPhase section */

/* Begin PBXGroup section */
		209767B3D28CF7D2980F805E /* Frameworks */ = {
			isa = PBXGroup;
			children = (
				D66F3A01A9E2626F5ED546E0 /* Pods_mypacemobile.framework */,
				434D8EAC258E1A8FEACC3361 /* Pods_mypacemobileTests.framework */,
				4C2C512224108AABF816D56C /* Pods_mypacemobileUITests.framework */,
			);
			name = Frameworks;
			sourceTree = "<group>";
		};
		332C8C7FEEEA49B8F734C591 /* Pods */ = {
			isa = PBXGroup;
			children = (
				35563E3C8B62507459F7EB03 /* Pods-mypacemobile.debug.xcconfig */,
				B3B9FD085965814A07095C6D /* Pods-mypacemobile.release.xcconfig */,
				6B5F7FD48BF1A83098A925EC /* Pods-mypacemobileTests.debug.xcconfig */,
				213E548EF1D17F513F71212B /* Pods-mypacemobileTests.release.xcconfig */,
				C091C7F8BFE5881392568982 /* Pods-mypacemobileUITests.debug.xcconfig */,
				93617F871352753B7FB5C30D /* Pods-mypacemobileUITests.release.xcconfig */,
			);
			name = Pods;
			sourceTree = "<group>";
		};
		4ACCB4CD1F7028AF00CE4168 = {
			isa = PBXGroup;
			children = (
				4ACCB4D81F7028AF00CE4168 /* mypacemobile */,
				4ACCB4F01F7028AF00CE4168 /* mypacemobileTests */,
				4ACCB4FB1F7028AF00CE4168 /* mypacemobileUITests */,
				4ACCB4D71F7028AF00CE4168 /* Products */,
				332C8C7FEEEA49B8F734C591 /* Pods */,
				209767B3D28CF7D2980F805E /* Frameworks */,
			);
			sourceTree = "<group>";
		};
		4ACCB4D71F7028AF00CE4168 /* Products */ = {
			isa = PBXGroup;
			children = (
				4ACCB4D61F7028AF00CE4168 /* mypacemobile.app */,
				4ACCB4ED1F7028AF00CE4168 /* mypacemobileTests.xctest */,
				4ACCB4F81F7028AF00CE4168 /* mypacemobileUITests.xctest */,
			);
			name = Products;
			sourceTree = "<group>";
		};
		4ACCB4D81F7028AF00CE4168 /* mypacemobile */ = {
			isa = PBXGroup;
			children = (
				4ACCB4D91F7028AF00CE4168 /* AppDelegate.swift */,
				4ACCB4DB1F7028AF00CE4168 /* ViewController.swift */,
				4ACED59C1F7EA54300614820 /* SettingsViewController.swift */,
				4ACED5A01F7ED36600614820 /* MenuViewController.swift */,
				4ACCB4DD1F7028AF00CE4168 /* Main.storyboard */,
				4AB96D7B1F743C57000E145B /* LoginViewController.swift */,
				4ACCB4E31F7028AF00CE4168 /* Assets.xcassets */,
				4ACCB4E51F7028AF00CE4168 /* LaunchScreen.storyboard */,
				4ACCB4E81F7028AF00CE4168 /* Info.plist */,
				4ACCB4E01F7028AF00CE4168 /* mypacemobile.xcdatamodeld */,
			);
			path = mypacemobile;
			sourceTree = "<group>";
		};
		4ACCB4F01F7028AF00CE4168 /* mypacemobileTests */ = {
			isa = PBXGroup;
			children = (
				4ACCB4F11F7028AF00CE4168 /* mypacemobileTests.swift */,
				4ACCB4F31F7028AF00CE4168 /* Info.plist */,
			);
			path = mypacemobileTests;
			sourceTree = "<group>";
		};
		4ACCB4FB1F7028AF00CE4168 /* mypacemobileUITests */ = {
			isa = PBXGroup;
			children = (
				4ACCB4FC1F7028AF00CE4168 /* mypacemobileUITests.swift */,
				4ACCB4FE1F7028AF00CE4168 /* Info.plist */,
			);
			path = mypacemobileUITests;
			sourceTree = "<group>";
		};
/* End PBXGroup section */

/* Begin PBXNativeTarget section */
		4ACCB4D51F7028AF00CE4168 /* mypacemobile */ = {
			isa = PBXNativeTarget;
			buildConfigurationList = 4ACCB5011F7028AF00CE4168 /* Build configuration list for PBXNativeTarget "mypacemobile" */;
			buildPhases = (
				3181ACBCB6E36B53549BCAFD /* [CP] Check Pods Manifest.lock */,
				4ACCB4D21F7028AF00CE4168 /* Sources */,
				4ACCB4D31F7028AF00CE4168 /* Frameworks */,
				4ACCB4D41F7028AF00CE4168 /* Resources */,
				41C221EF76C956C839D21C85 /* [CP] Embed Pods Frameworks */,
				2A1AE8E2D088535A05DA05CC /* [CP] Copy Pods Resources */,
			);
			buildRules = (
			);
			dependencies = (
			);
			name = mypacemobile;
			productName = mypacemobile;
			productReference = 4ACCB4D61F7028AF00CE4168 /* mypacemobile.app */;
			productType = "com.apple.product-type.application";
		};
		4ACCB4EC1F7028AF00CE4168 /* mypacemobileTests */ = {
			isa = PBXNativeTarget;
			buildConfigurationList = 4ACCB5041F7028AF00CE4168 /* Build configuration list for PBXNativeTarget "mypacemobileTests" */;
			buildPhases = (
				ED27E3D420477014C27D625B /* [CP] Check Pods Manifest.lock */,
				4ACCB4E91F7028AF00CE4168 /* Sources */,
				4ACCB4EA1F7028AF00CE4168 /* Frameworks */,
				4ACCB4EB1F7028AF00CE4168 /* Resources */,
				1A7E8C5BEC5CA89665276B51 /* [CP] Embed Pods Frameworks */,
				D30E2E447BB925E91FE4E087 /* [CP] Copy Pods Resources */,
			);
			buildRules = (
			);
			dependencies = (
				4ACCB4EF1F7028AF00CE4168 /* PBXTargetDependency */,
			);
			name = mypacemobileTests;
			productName = mypacemobileTests;
			productReference = 4ACCB4ED1F7028AF00CE4168 /* mypacemobileTests.xctest */;
			productType = "com.apple.product-type.bundle.unit-test";
		};
		4ACCB4F71F7028AF00CE4168 /* mypacemobileUITests */ = {
			isa = PBXNativeTarget;
			buildConfigurationList = 4ACCB5071F7028AF00CE4168 /* Build configuration list for PBXNativeTarget "mypacemobileUITests" */;
			buildPhases = (
				93957E6B40B2691FE9E701D4 /* [CP] Check Pods Manifest.lock */,
				4ACCB4F41F7028AF00CE4168 /* Sources */,
				4ACCB4F51F7028AF00CE4168 /* Frameworks */,
				4ACCB4F61F7028AF00CE4168 /* Resources */,
				D4DD1D49BDA4BBC08386C862 /* [CP] Embed Pods Frameworks */,
				958A8324E2670C0B98579C1C /* [CP] Copy Pods Resources */,
			);
			buildRules = (
			);
			dependencies = (
				4ACCB4FA1F7028AF00CE4168 /* PBXTargetDependency */,
			);
			name = mypacemobileUITests;
			productName = mypacemobileUITests;
			productReference = 4ACCB4F81F7028AF00CE4168 /* mypacemobileUITests.xctest */;
			productType = "com.apple.product-type.bundle.ui-testing";
		};
/* End PBXNativeTarget section */

/* Begin PBXProject section */
		4ACCB4CE1F7028AF00CE4168 /* Project object */ = {
			isa = PBXProject;
			attributes = {
				LastSwiftUpdateCheck = 0830;
				LastUpgradeCheck = 0830;
				ORGANIZATIONNAME = "Michael Brown";
				TargetAttributes = {
					4ACCB4D51F7028AF00CE4168 = {
						CreatedOnToolsVersion = 8.3.3;
						DevelopmentTeam = R6YXQ6UJ75;
						ProvisioningStyle = Automatic;
					};
					4ACCB4EC1F7028AF00CE4168 = {
						CreatedOnToolsVersion = 8.3.3;
						DevelopmentTeam = R6YXQ6UJ75;
						ProvisioningStyle = Automatic;
						TestTargetID = 4ACCB4D51F7028AF00CE4168;
					};
					4ACCB4F71F7028AF00CE4168 = {
						CreatedOnToolsVersion = 8.3.3;
						DevelopmentTeam = R6YXQ6UJ75;
						ProvisioningStyle = Automatic;
						TestTargetID = 4ACCB4D51F7028AF00CE4168;
					};
				};
			};
			buildConfigurationList = 4ACCB4D11F7028AF00CE4168 /* Build configuration list for PBXProject "mypacemobile" */;
			compatibilityVersion = "Xcode 3.2";
			developmentRegion = English;
			hasScannedForEncodings = 0;
			knownRegions = (
				en,
				Base,
			);
			mainGroup = 4ACCB4CD1F7028AF00CE4168;
			productRefGroup = 4ACCB4D71F7028AF00CE4168 /* Products */;
			projectDirPath = "";
			projectRoot = "";
			targets = (
				4ACCB4D51F7028AF00CE4168 /* mypacemobile */,
				4ACCB4EC1F7028AF00CE4168 /* mypacemobileTests */,
				4ACCB4F71F7028AF00CE4168 /* mypacemobileUITests */,
			);
		};
/* End PBXProject section */

/* Begin PBXResourcesBuildPhase section */
		4ACCB4D41F7028AF00CE4168 /* Resources */ = {
			isa = PBXResourcesBuildPhase;
			buildActionMask = 2147483647;
			files = (
				4ACCB4E71F7028AF00CE4168 /* LaunchScreen.storyboard in Resources */,
				4ACCB4E41F7028AF00CE4168 /* Assets.xcassets in Resources */,
				4ACCB4DF1F7028AF00CE4168 /* Main.storyboard in Resources */,
			);
			runOnlyForDeploymentPostprocessing = 0;
		};
		4ACCB4EB1F7028AF00CE4168 /* Resources */ = {
			isa = PBXResourcesBuildPhase;
			buildActionMask = 2147483647;
			files = (
			);
			runOnlyForDeploymentPostprocessing = 0;
		};
		4ACCB4F61F7028AF00CE4168 /* Resources */ = {
			isa = PBXResourcesBuildPhase;
			buildActionMask = 2147483647;
			files = (
			);
			runOnlyForDeploymentPostprocessing = 0;
		};
/* End PBXResourcesBuildPhase section */

/* Begin PBXShellScriptBuildPhase section */
		1A7E8C5BEC5CA89665276B51 /* [CP] Embed Pods Frameworks */ = {
			isa = PBXShellScriptBuildPhase;
			buildActionMask = 2147483647;
			files = (
			);
			inputPaths = (
			);
			name = "[CP] Embed Pods Frameworks";
			outputPaths = (
			);
			runOnlyForDeploymentPostprocessing = 0;
			shellPath = /bin/sh;
			shellScript = "\"${SRCROOT}/Pods/Target Support Files/Pods-mypacemobileTests/Pods-mypacemobileTests-frameworks.sh\"\n";
			showEnvVarsInLog = 0;
		};
		2A1AE8E2D088535A05DA05CC /* [CP] Copy Pods Resources */ = {
			isa = PBXShellScriptBuildPhase;
			buildActionMask = 2147483647;
			files = (
			);
			inputPaths = (
			);
			name = "[CP] Copy Pods Resources";
			outputPaths = (
			);
			runOnlyForDeploymentPostprocessing = 0;
			shellPath = /bin/sh;
			shellScript = "\"${SRCROOT}/Pods/Target Support Files/Pods-mypacemobile/Pods-mypacemobile-resources.sh\"\n";
			showEnvVarsInLog = 0;
		};
		3181ACBCB6E36B53549BCAFD /* [CP] Check Pods Manifest.lock */ = {
			isa = PBXShellScriptBuildPhase;
			buildActionMask = 2147483647;
			files = (
			);
			inputPaths = (
				"${PODS_PODFILE_DIR_PATH}/Podfile.lock",
				"${PODS_ROOT}/Manifest.lock",
			);
			name = "[CP] Check Pods Manifest.lock";
			outputPaths = (
				"$(DERIVED_FILE_DIR)/Pods-mypacemobile-checkManifestLockResult.txt",
			);
			runOnlyForDeploymentPostprocessing = 0;
			shellPath = /bin/sh;
			shellScript = "diff \"${PODS_PODFILE_DIR_PATH}/Podfile.lock\" \"${PODS_ROOT}/Manifest.lock\" > /dev/null\nif [ $? != 0 ] ; then\n    # print error to STDERR\n    echo \"error: The sandbox is not in sync with the Podfile.lock. Run 'pod install' or update your CocoaPods installation.\" >&2\n    exit 1\nfi\n# This output is used by Xcode 'outputs' to avoid re-running this script phase.\necho \"SUCCESS\" > \"${SCRIPT_OUTPUT_FILE_0}\"\n";
			showEnvVarsInLog = 0;
		};
		41C221EF76C956C839D21C85 /* [CP] Embed Pods Frameworks */ = {
			isa = PBXShellScriptBuildPhase;
			buildActionMask = 2147483647;
			files = (
			);
			inputPaths = (
				"${SRCROOT}/Pods/Target Support Files/Pods-mypacemobile/Pods-mypacemobile-frameworks.sh",
				"${BUILT_PRODUCTS_DIR}/Material/Material.framework",
				"${BUILT_PRODUCTS_DIR}/SideMenu/SideMenu.framework",
			);
			name = "[CP] Embed Pods Frameworks";
			outputPaths = (
				"${TARGET_BUILD_DIR}/${FRAMEWORKS_FOLDER_PATH}/Material.framework",
				"${TARGET_BUILD_DIR}/${FRAMEWORKS_FOLDER_PATH}/SideMenu.framework",
			);
			runOnlyForDeploymentPostprocessing = 0;
			shellPath = /bin/sh;
			shellScript = "\"${SRCROOT}/Pods/Target Support Files/Pods-mypacemobile/Pods-mypacemobile-frameworks.sh\"\n";
			showEnvVarsInLog = 0;
		};
		93957E6B40B2691FE9E701D4 /* [CP] Check Pods Manifest.lock */ = {
			isa = PBXShellScriptBuildPhase;
			buildActionMask = 2147483647;
			files = (
			);
			inputPaths = (
				"${PODS_PODFILE_DIR_PATH}/Podfile.lock",
				"${PODS_ROOT}/Manifest.lock",
			);
			name = "[CP] Check Pods Manifest.lock";
			outputPaths = (
				"$(DERIVED_FILE_DIR)/Pods-mypacemobileUITests-checkManifestLockResult.txt",
			);
			runOnlyForDeploymentPostprocessing = 0;
			shellPath = /bin/sh;
			shellScript = "diff \"${PODS_PODFILE_DIR_PATH}/Podfile.lock\" \"${PODS_ROOT}/Manifest.lock\" > /dev/null\nif [ $? != 0 ] ; then\n    # print error to STDERR\n    echo \"error: The sandbox is not in sync with the Podfile.lock. Run 'pod install' or update your CocoaPods installation.\" >&2\n    exit 1\nfi\n# This output is used by Xcode 'outputs' to avoid re-running this script phase.\necho \"SUCCESS\" > \"${SCRIPT_OUTPUT_FILE_0}\"\n";
			showEnvVarsInLog = 0;
		};
		958A8324E2670C0B98579C1C /* [CP] Copy Pods Resources */ = {
			isa = PBXShellScriptBuildPhase;
			buildActionMask = 2147483647;
			files = (
			);
			inputPaths = (
			);
			name = "[CP] Copy Pods Resources";
			outputPaths = (
			);
			runOnlyForDeploymentPostprocessing = 0;
			shellPath = /bin/sh;
			shellScript = "\"${SRCROOT}/Pods/Target Support Files/Pods-mypacemobileUITests/Pods-mypacemobileUITests-resources.sh\"\n";
			showEnvVarsInLog = 0;
		};
		D30E2E447BB925E91FE4E087 /* [CP] Copy Pods Resources */ = {
			isa = PBXShellScriptBuildPhase;
			buildActionMask = 2147483647;
			files = (
			);
			inputPaths = (
			);
			name = "[CP] Copy Pods Resources";
			outputPaths = (
			);
			runOnlyForDeploymentPostprocessing = 0;
			shellPath = /bin/sh;
			shellScript = "\"${SRCROOT}/Pods/Target Support Files/Pods-mypacemobileTests/Pods-mypacemobileTests-resources.sh\"\n";
			showEnvVarsInLog = 0;
		};
		D4DD1D49BDA4BBC08386C862 /* [CP] Embed Pods Frameworks */ = {
			isa = PBXShellScriptBuildPhase;
			buildActionMask = 2147483647;
			files = (
			);
			inputPaths = (
			);
			name = "[CP] Embed Pods Frameworks";
			outputPaths = (
			);
			runOnlyForDeploymentPostprocessing = 0;
			shellPath = /bin/sh;
			shellScript = "\"${SRCROOT}/Pods/Target Support Files/Pods-mypacemobileUITests/Pods-mypacemobileUITests-frameworks.sh\"\n";
			showEnvVarsInLog = 0;
		};
		ED27E3D420477014C27D625B /* [CP] Check Pods Manifest.lock */ = {
			isa = PBXShellScriptBuildPhase;
			buildActionMask = 2147483647;
			files = (
			);
			inputPaths = (
				"${PODS_PODFILE_DIR_PATH}/Podfile.lock",
				"${PODS_ROOT}/Manifest.lock",
			);
			name = "[CP] Check Pods Manifest.lock";
			outputPaths = (
				"$(DERIVED_FILE_DIR)/Pods-mypacemobileTests-checkManifestLockResult.txt",
			);
			runOnlyForDeploymentPostprocessing = 0;
			shellPath = /bin/sh;
			shellScript = "diff \"${PODS_PODFILE_DIR_PATH}/Podfile.lock\" \"${PODS_ROOT}/Manifest.lock\" > /dev/null\nif [ $? != 0 ] ; then\n    # print error to STDERR\n    echo \"error: The sandbox is not in sync with the Podfile.lock. Run 'pod install' or update your CocoaPods installation.\" >&2\n    exit 1\nfi\n# This output is used by Xcode 'outputs' to avoid re-running this script phase.\necho \"SUCCESS\" > \"${SCRIPT_OUTPUT_FILE_0}\"\n";
			showEnvVarsInLog = 0;
		};
/* End PBXShellScriptBuildPhase section */

/* Begin PBXSourcesBuildPhase section */
		4ACCB4D21F7028AF00CE4168 /* Sources */ = {
			isa = PBXSourcesBuildPhase;
			buildActionMask = 2147483647;
			files = (
				4AB96D7C1F743C57000E145B /* LoginViewController.swift in Sources */,
				4ACED5A11F7ED36600614820 /* MenuViewController.swift in Sources */,
				4ACCB4DC1F7028AF00CE4168 /* ViewController.swift in Sources */,
				4ACCB4DA1F7028AF00CE4168 /* AppDelegate.swift in Sources */,
				4ACED59D1F7EA54300614820 /* SettingsViewController.swift in Sources */,
				4ACCB4E21F7028AF00CE4168 /* mypacemobile.xcdatamodeld in Sources */,
			);
			runOnlyForDeploymentPostprocessing = 0;
		};
		4ACCB4E91F7028AF00CE4168 /* Sources */ = {
			isa = PBXSourcesBuildPhase;
			buildActionMask = 2147483647;
			files = (
				4ACCB4F21F7028AF00CE4168 /* mypacemobileTests.swift in Sources */,
			);
			runOnlyForDeploymentPostprocessing = 0;
		};
		4ACCB4F41F7028AF00CE4168 /* Sources */ = {
			isa = PBXSourcesBuildPhase;
			buildActionMask = 2147483647;
			files = (
				4ACCB4FD1F7028AF00CE4168 /* mypacemobileUITests.swift in Sources */,
			);
			runOnlyForDeploymentPostprocessing = 0;
		};
/* End PBXSourcesBuildPhase section */

/* Begin PBXTargetDependency section */
		4ACCB4EF1F7028AF00CE4168 /* PBXTargetDependency */ = {
			isa = PBXTargetDependency;
			target = 4ACCB4D51F7028AF00CE4168 /* mypacemobile */;
			targetProxy = 4ACCB4EE1F7028AF00CE4168 /* PBXContainerItemProxy */;
		};
		4ACCB4FA1F7028AF00CE4168 /* PBXTargetDependency */ = {
			isa = PBXTargetDependency;
			target = 4ACCB4D51F7028AF00CE4168 /* mypacemobile */;
			targetProxy = 4ACCB4F91F7028AF00CE4168 /* PBXContainerItemProxy */;
		};
/* End PBXTargetDependency section */

/* Begin PBXVariantGroup section */
		4ACCB4DD1F7028AF00CE4168 /* Main.storyboard */ = {
			isa = PBXVariantGroup;
			children = (
				4ACCB4DE1F7028AF00CE4168 /* Base */,
			);
			name = Main.storyboard;
			sourceTree = "<group>";
		};
		4ACCB4E51F7028AF00CE4168 /* LaunchScreen.storyboard */ = {
			isa = PBXVariantGroup;
			children = (
				4ACCB4E61F7028AF00CE4168 /* Base */,
			);
			name = LaunchScreen.storyboard;
			sourceTree = "<group>";
		};
/* End PBXVariantGroup section */

/* Begin XCBuildConfiguration section */
		4ACCB4FF1F7028AF00CE4168 /* Debug */ = {
			isa = XCBuildConfiguration;
			buildSettings = {
				ALWAYS_SEARCH_USER_PATHS = NO;
				CLANG_ANALYZER_NONNULL = YES;
				CLANG_ANALYZER_NUMBER_OBJECT_CONVERSION = YES_AGGRESSIVE;
				CLANG_CXX_LANGUAGE_STANDARD = "gnu++0x";
				CLANG_CXX_LIBRARY = "libc++";
				CLANG_ENABLE_MODULES = YES;
				CLANG_ENABLE_OBJC_ARC = YES;
				CLANG_WARN_BOOL_CONVERSION = YES;
				CLANG_WARN_CONSTANT_CONVERSION = YES;
				CLANG_WARN_DIRECT_OBJC_ISA_USAGE = YES_ERROR;
				CLANG_WARN_DOCUMENTATION_COMMENTS = YES;
				CLANG_WARN_EMPTY_BODY = YES;
				CLANG_WARN_ENUM_CONVERSION = YES;
				CLANG_WARN_INFINITE_RECURSION = YES;
				CLANG_WARN_INT_CONVERSION = YES;
				CLANG_WARN_OBJC_ROOT_CLASS = YES_ERROR;
				CLANG_WARN_SUSPICIOUS_MOVE = YES;
				CLANG_WARN_UNREACHABLE_CODE = YES;
				CLANG_WARN__DUPLICATE_METHOD_MATCH = YES;
				"CODE_SIGN_IDENTITY[sdk=iphoneos*]" = "iPhone Developer";
				COPY_PHASE_STRIP = NO;
				DEBUG_INFORMATION_FORMAT = dwarf;
				ENABLE_STRICT_OBJC_MSGSEND = YES;
				ENABLE_TESTABILITY = YES;
				GCC_C_LANGUAGE_STANDARD = gnu99;
				GCC_DYNAMIC_NO_PIC = NO;
				GCC_NO_COMMON_BLOCKS = YES;
				GCC_OPTIMIZATION_LEVEL = 0;
				GCC_PREPROCESSOR_DEFINITIONS = (
					"DEBUG=1",
					"$(inherited)",
				);
				GCC_WARN_64_TO_32_BIT_CONVERSION = YES;
				GCC_WARN_ABOUT_RETURN_TYPE = YES_ERROR;
				GCC_WARN_UNDECLARED_SELECTOR = YES;
				GCC_WARN_UNINITIALIZED_AUTOS = YES_AGGRESSIVE;
				GCC_WARN_UNUSED_FUNCTION = YES;
				GCC_WARN_UNUSED_VARIABLE = YES;
				IPHONEOS_DEPLOYMENT_TARGET = 10.3;
				MTL_ENABLE_DEBUG_INFO = YES;
				ONLY_ACTIVE_ARCH = YES;
				SDKROOT = iphoneos;
				SWIFT_ACTIVE_COMPILATION_CONDITIONS = DEBUG;
				SWIFT_OPTIMIZATION_LEVEL = "-Onone";
				TARGETED_DEVICE_FAMILY = "1,2";
			};
			name = Debug;
		};
		4ACCB5001F7028AF00CE4168 /* Release */ = {
			isa = XCBuildConfiguration;
			buildSettings = {
				ALWAYS_SEARCH_USER_PATHS = NO;
				CLANG_ANALYZER_NONNULL = YES;
				CLANG_ANALYZER_NUMBER_OBJECT_CONVERSION = YES_AGGRESSIVE;
				CLANG_CXX_LANGUAGE_STANDARD = "gnu++0x";
				CLANG_CXX_LIBRARY = "libc++";
				CLANG_ENABLE_MODULES = YES;
				CLANG_ENABLE_OBJC_ARC = YES;
				CLANG_WARN_BOOL_CONVERSION = YES;
				CLANG_WARN_CONSTANT_CONVERSION = YES;
				CLANG_WARN_DIRECT_OBJC_ISA_USAGE = YES_ERROR;
				CLANG_WARN_DOCUMENTATION_COMMENTS = YES;
				CLANG_WARN_EMPTY_BODY = YES;
				CLANG_WARN_ENUM_CONVERSION = YES;
				CLANG_WARN_INFINITE_RECURSION = YES;
				CLANG_WARN_INT_CONVERSION = YES;
				CLANG_WARN_OBJC_ROOT_CLASS = YES_ERROR;
				CLANG_WARN_SUSPICIOUS_MOVE = YES;
				CLANG_WARN_UNREACHABLE_CODE = YES;
				CLANG_WARN__DUPLICATE_METHOD_MATCH = YES;
				"CODE_SIGN_IDENTITY[sdk=iphoneos*]" = "iPhone Developer";
				COPY_PHASE_STRIP = NO;
				DEBUG_INFORMATION_FORMAT = "dwarf-with-dsym";
				ENABLE_NS_ASSERTIONS = NO;
				ENABLE_STRICT_OBJC_MSGSEND = YES;
				GCC_C_LANGUAGE_STANDARD = gnu99;
				GCC_NO_COMMON_BLOCKS = YES;
				GCC_WARN_64_TO_32_BIT_CONVERSION = YES;
				GCC_WARN_ABOUT_RETURN_TYPE = YES_ERROR;
				GCC_WARN_UNDECLARED_SELECTOR = YES;
				GCC_WARN_UNINITIALIZED_AUTOS = YES_AGGRESSIVE;
				GCC_WARN_UNUSED_FUNCTION = YES;
				GCC_WARN_UNUSED_VARIABLE = YES;
				IPHONEOS_DEPLOYMENT_TARGET = 10.3;
				MTL_ENABLE_DEBUG_INFO = NO;
				SDKROOT = iphoneos;
				SWIFT_OPTIMIZATION_LEVEL = "-Owholemodule";
				TARGETED_DEVICE_FAMILY = "1,2";
				VALIDATE_PRODUCT = YES;
			};
			name = Release;
		};
		4ACCB5021F7028AF00CE4168 /* Debug */ = {
			isa = XCBuildConfiguration;
			baseConfigurationReference = 35563E3C8B62507459F7EB03 /* Pods-mypacemobile.debug.xcconfig */;
			buildSettings = {
				ASSETCATALOG_COMPILER_APPICON_NAME = AppIcon;
				DEVELOPMENT_TEAM = R6YXQ6UJ75;
				INFOPLIST_FILE = mypacemobile/Info.plist;
				LD_RUNPATH_SEARCH_PATHS = "$(inherited) @executable_path/Frameworks";
				PRODUCT_BUNDLE_IDENTIFIER = mbrown8.mypacemobile;
				PRODUCT_NAME = "$(TARGET_NAME)";
				SWIFT_VERSION = 3.0;
				TARGETED_DEVICE_FAMILY = 1;
			};
			name = Debug;
		};
		4ACCB5031F7028AF00CE4168 /* Release */ = {
			isa = XCBuildConfiguration;
			baseConfigurationReference = B3B9FD085965814A07095C6D /* Pods-mypacemobile.release.xcconfig */;
			buildSettings = {
				ASSETCATALOG_COMPILER_APPICON_NAME = AppIcon;
				DEVELOPMENT_TEAM = R6YXQ6UJ75;
				INFOPLIST_FILE = mypacemobile/Info.plist;
				LD_RUNPATH_SEARCH_PATHS = "$(inherited) @executable_path/Frameworks";
				PRODUCT_BUNDLE_IDENTIFIER = mbrown8.mypacemobile;
				PRODUCT_NAME = "$(TARGET_NAME)";
				SWIFT_VERSION = 3.0;
				TARGETED_DEVICE_FAMILY = 1;
			};
			name = Release;
		};
		4ACCB5051F7028AF00CE4168 /* Debug */ = {
			isa = XCBuildConfiguration;
			baseConfigurationReference = 6B5F7FD48BF1A83098A925EC /* Pods-mypacemobileTests.debug.xcconfig */;
			buildSettings = {
				ALWAYS_EMBED_SWIFT_STANDARD_LIBRARIES = YES;
				BUNDLE_LOADER = "$(TEST_HOST)";
				DEVELOPMENT_TEAM = R6YXQ6UJ75;
				INFOPLIST_FILE = mypacemobileTests/Info.plist;
				LD_RUNPATH_SEARCH_PATHS = "$(inherited) @executable_path/Frameworks @loader_path/Frameworks";
				PRODUCT_BUNDLE_IDENTIFIER = mbrown8.mypacemobileTests;
				PRODUCT_NAME = "$(TARGET_NAME)";
				SWIFT_VERSION = 3.0;
				TEST_HOST = "$(BUILT_PRODUCTS_DIR)/mypacemobile.app/mypacemobile";
			};
			name = Debug;
		};
		4ACCB5061F7028AF00CE4168 /* Release */ = {
			isa = XCBuildConfiguration;
			baseConfigurationReference = 213E548EF1D17F513F71212B /* Pods-mypacemobileTests.release.xcconfig */;
			buildSettings = {
				ALWAYS_EMBED_SWIFT_STANDARD_LIBRARIES = YES;
				BUNDLE_LOADER = "$(TEST_HOST)";
				DEVELOPMENT_TEAM = R6YXQ6UJ75;
				INFOPLIST_FILE = mypacemobileTests/Info.plist;
				LD_RUNPATH_SEARCH_PATHS = "$(inherited) @executable_path/Frameworks @loader_path/Frameworks";
				PRODUCT_BUNDLE_IDENTIFIER = mbrown8.mypacemobileTests;
				PRODUCT_NAME = "$(TARGET_NAME)";
				SWIFT_VERSION = 3.0;
				TEST_HOST = "$(BUILT_PRODUCTS_DIR)/mypacemobile.app/mypacemobile";
			};
			name = Release;
		};
		4ACCB5081F7028AF00CE4168 /* Debug */ = {
			isa = XCBuildConfiguration;
			baseConfigurationReference = C091C7F8BFE5881392568982 /* Pods-mypacemobileUITests.debug.xcconfig */;
			buildSettings = {
				ALWAYS_EMBED_SWIFT_STANDARD_LIBRARIES = YES;
				DEVELOPMENT_TEAM = R6YXQ6UJ75;
				INFOPLIST_FILE = mypacemobileUITests/Info.plist;
				LD_RUNPATH_SEARCH_PATHS = "$(inherited) @executable_path/Frameworks @loader_path/Frameworks";
				PRODUCT_BUNDLE_IDENTIFIER = mbrown8.mypacemobileUITests;
				PRODUCT_NAME = "$(TARGET_NAME)";
				SWIFT_VERSION = 3.0;
				TEST_TARGET_NAME = mypacemobile;
			};
			name = Debug;
		};
		4ACCB5091F7028AF00CE4168 /* Release */ = {
			isa = XCBuildConfiguration;
			baseConfigurationReference = 93617F871352753B7FB5C30D /* Pods-mypacemobileUITests.release.xcconfig */;
			buildSettings = {
				ALWAYS_EMBED_SWIFT_STANDARD_LIBRARIES = YES;
				DEVELOPMENT_TEAM = R6YXQ6UJ75;
				INFOPLIST_FILE = mypacemobileUITests/Info.plist;
				LD_RUNPATH_SEARCH_PATHS = "$(inherited) @executable_path/Frameworks @loader_path/Frameworks";
				PRODUCT_BUNDLE_IDENTIFIER = mbrown8.mypacemobileUITests;
				PRODUCT_NAME = "$(TARGET_NAME)";
				SWIFT_VERSION = 3.0;
				TEST_TARGET_NAME = mypacemobile;
			};
			name = Release;
		};
/* End XCBuildConfiguration section */

/* Begin XCConfigurationList section */
		4ACCB4D11F7028AF00CE4168 /* Build configuration list for PBXProject "mypacemobile" */ = {
			isa = XCConfigurationList;
			buildConfigurations = (
				4ACCB4FF1F7028AF00CE4168 /* Debug */,
				4ACCB5001F7028AF00CE4168 /* Release */,
			);
			defaultConfigurationIsVisible = 0;
			defaultConfigurationName = Release;
		};
		4ACCB5011F7028AF00CE4168 /* Build configuration list for PBXNativeTarget "mypacemobile" */ = {
			isa = XCConfigurationList;
			buildConfigurations = (
				4ACCB5021F7028AF00CE4168 /* Debug */,
				4ACCB5031F7028AF00CE4168 /* Release */,
			);
			defaultConfigurationIsVisible = 0;
			defaultConfigurationName = Release;
		};
		4ACCB5041F7028AF00CE4168 /* Build configuration list for PBXNativeTarget "mypacemobileTests" */ = {
			isa = XCConfigurationList;
			buildConfigurations = (
				4ACCB5051F7028AF00CE4168 /* Debug */,
				4ACCB5061F7028AF00CE4168 /* Release */,
			);
			defaultConfigurationIsVisible = 0;
			defaultConfigurationName = Release;
		};
		4ACCB5071F7028AF00CE4168 /* Build configuration list for PBXNativeTarget "mypacemobileUITests" */ = {
			isa = XCConfigurationList;
			buildConfigurations = (
				4ACCB5081F7028AF00CE4168 /* Debug */,
				4ACCB5091F7028AF00CE4168 /* Release */,
			);
			defaultConfigurationIsVisible = 0;
			defaultConfigurationName = Release;
		};
/* End XCConfigurationList section */

/* Begin XCVersionGroup section */
		4ACCB4E01F7028AF00CE4168 /* mypacemobile.xcdatamodeld */ = {
			isa = XCVersionGroup;
			children = (
				4ACCB4E11F7028AF00CE4168 /* mypacemobile.xcdatamodel */,
			);
			currentVersion = 4ACCB4E11F7028AF00CE4168 /* mypacemobile.xcdatamodel */;
			path = mypacemobile.xcdatamodeld;
			sourceTree = "<group>";
			versionGroupType = wrapper.xcdatamodel;
		};
/* End XCVersionGroup section */
	};
	rootObject = 4ACCB4CE1F7028AF00CE4168 /* Project object */;
}
